// !$*UTF8*$!
{
	archiveVersion = 1;
	classes = {
	};
	objectVersion = 77;
	objects = {

/* Begin PBXBuildFile section */
		E38AB0072E7E7F9F00CC380A /* Preview Assets.xcassets in Resources */ = {isa = PBXBuildFile; fileRef = E38AAFFE2E7E7F9F00CC380A /* Preview Assets.xcassets */; };
		E38AB0082E7E7F9F00CC380A /* Assets.xcassets in Resources */ = {isa = PBXBuildFile; fileRef = E38AB0002E7E7F9F00CC380A /* Assets.xcassets */; };
		E38AB0092E7E7F9F00CC380A /* ContentView.swift in Sources */ = {isa = PBXBuildFile; fileRef = E38AB0012E7E7F9F00CC380A /* ContentView.swift */; };
		E38AB00A2E7E7F9F00CC380A /* FlagsChallengeModel.xcdatamodeld in Sources */ = {isa = PBXBuildFile; fileRef = E38AB0022E7E7F9F00CC380A /* FlagsChallengeModel.xcdatamodeld */; };
		E38AB00B2E7E7F9F00CC380A /* Persistence.swift in Sources */ = {isa = PBXBuildFile; fileRef = E38AB0032E7E7F9F00CC380A /* Persistence.swift */; };
		E38AB00C2E7E7F9F00CC380A /* TestApp01App.swift in Sources */ = {isa = PBXBuildFile; fileRef = E38AB0042E7E7F9F00CC380A /* TestApp01App.swift */; };
		E38AB0132E7E808D00CC380A /* flags.json in Resources */ = {isa = PBXBuildFile; fileRef = E38AB0122E7E808D00CC380A /* flags.json */; };
		E38AB0152E7E822600CC380A /* ChallengeQuestion.swift in Sources */ = {isa = PBXBuildFile; fileRef = E38AB0142E7E822600CC380A /* ChallengeQuestion.swift */; };
		E38AB0172E7E827C00CC380A /* ChallengeViewModel.swift in Sources */ = {isa = PBXBuildFile; fileRef = E38AB0162E7E827C00CC380A /* ChallengeViewModel.swift */; };
		E38AB01A2E7E832C00CC380A /* ExtensionManager.swift in Sources */ = {isa = PBXBuildFile; fileRef = E38AB0192E7E832C00CC380A /* ExtensionManager.swift */; };
		E38AB01E2E7E849800CC380A /* TextView.swift in Sources */ = {isa = PBXBuildFile; fileRef = E38AB01D2E7E849800CC380A /* TextView.swift */; };
/* End PBXBuildFile section */

/* Begin PBXFileReference section */
		E38AAFE82E7E7CDD00CC380A /* TestApp01.app */ = {isa = PBXFileReference; explicitFileType = wrapper.application; includeInIndex = 0; path = TestApp01.app; sourceTree = BUILT_PRODUCTS_DIR; };
		E38AAFFE2E7E7F9F00CC380A /* Preview Assets.xcassets */ = {isa = PBXFileReference; lastKnownFileType = folder.assetcatalog; path = "Preview Assets.xcassets"; sourceTree = "<group>"; };
		E38AB0002E7E7F9F00CC380A /* Assets.xcassets */ = {isa = PBXFileReference; lastKnownFileType = folder.assetcatalog; path = Assets.xcassets; sourceTree = "<group>"; };
		E38AB0012E7E7F9F00CC380A /* ContentView.swift */ = {isa = PBXFileReference; lastKnownFileType = sourcecode.swift; path = ContentView.swift; sourceTree = "<group>"; };
		E38AB0032E7E7F9F00CC380A /* Persistence.swift */ = {isa = PBXFileReference; lastKnownFileType = sourcecode.swift; path = Persistence.swift; sourceTree = "<group>"; };
		E38AB0042E7E7F9F00CC380A /* TestApp01App.swift */ = {isa = PBXFileReference; lastKnownFileType = sourcecode.swift; path = TestApp01App.swift; sourceTree = "<group>"; };
		E38AB0062E7E7F9F00CC380A /* FlagsChallengeModel.xcdatamodel */ = {isa = PBXFileReference; lastKnownFileType = wrapper.xcdatamodel; path = FlagsChallengeModel.xcdatamodel; sourceTree = "<group>"; };
		E38AB0122E7E808D00CC380A /* flags.json */ = {isa = PBXFileReference; lastKnownFileType = text.json; path = flags.json; sourceTree = "<group>"; };
		E38AB0142E7E822600CC380A /* ChallengeQuestion.swift */ = {isa = PBXFileReference; lastKnownFileType = sourcecode.swift; path = ChallengeQuestion.swift; sourceTree = "<group>"; };
		E38AB0162E7E827C00CC380A /* ChallengeViewModel.swift */ = {isa = PBXFileReference; lastKnownFileType = sourcecode.swift; path = ChallengeViewModel.swift; sourceTree = "<group>"; };
		E38AB0192E7E832C00CC380A /* ExtensionManager.swift */ = {isa = PBXFileReference; lastKnownFileType = sourcecode.swift; path = ExtensionManager.swift; sourceTree = "<group>"; };
		E38AB01D2E7E849800CC380A /* TextView.swift */ = {isa = PBXFileReference; lastKnownFileType = sourcecode.swift; path = TextView.swift; sourceTree = "<group>"; };
		E38AB0902E7E8A8A00CC380A /* Info.plist */ = {isa = PBXFileReference; lastKnownFileType = text.plist; path = Info.plist; sourceTree = "<group>"; };
/* End PBXFileReference section */

/* Begin PBXFrameworksBuildPhase section */
		E38AAFE52E7E7CDD00CC380A /* Frameworks */ = {
			isa = PBXFrameworksBuildPhase;
			buildActionMask = 2147483647;
			files = (
			);
			runOnlyForDeploymentPostprocessing = 0;
		};
/* End PBXFrameworksBuildPhase section */

/* Begin PBXGroup section */
		E38AAFDF2E7E7CDD00CC380A = {
			isa = PBXGroup;
			children = (
				E38AB0052E7E7F9F00CC380A /* TestApp01 */,
				E38AAFE92E7E7CDD00CC380A /* Products */,
			);
			sourceTree = "<group>";
		};
		E38AAFE92E7E7CDD00CC380A /* Products */ = {
			isa = PBXGroup;
			children = (
				E38AAFE82E7E7CDD00CC380A /* TestApp01.app */,
			);
			name = Products;
			sourceTree = "<group>";
		};
		E38AAFFF2E7E7F9F00CC380A /* Preview Content */ = {
			isa = PBXGroup;
			children = (
				E38AAFFE2E7E7F9F00CC380A /* Preview Assets.xcassets */,
			);
			path = "Preview Content";
			sourceTree = "<group>";
		};
		E38AB0052E7E7F9F00CC380A /* TestApp01 */ = {
			isa = PBXGroup;
			children = (
				E38AB0902E7E8A8A00CC380A /* Info.plist */,
				E38AB0112E7E804D00CC380A /* Application */,
				E38AB00D2E7E7FA500CC380A /* View */,
				E38AB00E2E7E7FAB00CC380A /* Model */,
				E38AB00F2E7E7FB000CC380A /* ViewModel */,
				E38AB0032E7E7F9F00CC380A /* Persistence.swift */,
				E38AB0102E7E804000CC380A /* UTIL */,
				E38AAFFF2E7E7F9F00CC380A /* Preview Content */,
			);
			path = TestApp01;
			sourceTree = "<group>";
		};
		E38AB00D2E7E7FA500CC380A /* View */ = {
			isa = PBXGroup;
			children = (
				E38AB0012E7E7F9F00CC380A /* ContentView.swift */,
			);
			path = View;
			sourceTree = "<group>";
		};
		E38AB00E2E7E7FAB00CC380A /* Model */ = {
			isa = PBXGroup;
			children = (
				E38AB0022E7E7F9F00CC380A /* FlagsChallengeModel.xcdatamodeld */,
				E38AB0142E7E822600CC380A /* ChallengeQuestion.swift */,
			);
			path = Model;
			sourceTree = "<group>";
		};
		E38AB00F2E7E7FB000CC380A /* ViewModel */ = {
			isa = PBXGroup;
			children = (
				E38AB0162E7E827C00CC380A /* ChallengeViewModel.swift */,
			);
			path = ViewModel;
			sourceTree = "<group>";
		};
		E38AB0102E7E804000CC380A /* UTIL */ = {
			isa = PBXGroup;
			children = (
				E38AB01C2E7E848100CC380A /* SupportingViews */,
				E38AB01B2E7E845F00CC380A /* Resources */,
				E38AB0192E7E832C00CC380A /* ExtensionManager.swift */,
			);
			path = UTIL;
			sourceTree = "<group>";
		};
		E38AB0112E7E804D00CC380A /* Application */ = {
			isa = PBXGroup;
			children = (
				E38AB0042E7E7F9F00CC380A /* TestApp01App.swift */,
			);
			path = Application;
			sourceTree = "<group>";
		};
		E38AB01B2E7E845F00CC380A /* Resources */ = {
			isa = PBXGroup;
			children = (
				E38AB0002E7E7F9F00CC380A /* Assets.xcassets */,
				E38AB0122E7E808D00CC380A /* flags.json */,
			);
			path = Resources;
			sourceTree = "<group>";
		};
		E38AB01C2E7E848100CC380A /* SupportingViews */ = {
			isa = PBXGroup;
			children = (
				E38AB01D2E7E849800CC380A /* TextView.swift */,
			);
			path = SupportingViews;
			sourceTree = "<group>";
		};
/* End PBXGroup section */

/* Begin PBXNativeTarget section */
		E38AAFE72E7E7CDD00CC380A /* TestApp01 */ = {
			isa = PBXNativeTarget;
			buildConfigurationList = E38AAFFB2E7E7CDE00CC380A /* Build configuration list for PBXNativeTarget "TestApp01" */;
			buildPhases = (
				E38AAFE42E7E7CDD00CC380A /* Sources */,
				E38AAFE52E7E7CDD00CC380A /* Frameworks */,
				E38AAFE62E7E7CDD00CC380A /* Resources */,
			);
			buildRules = (
			);
			dependencies = (
			);
			name = TestApp01;
			packageProductDependencies = (
			);
			productName = TestApp01;
			productReference = E38AAFE82E7E7CDD00CC380A /* TestApp01.app */;
			productType = "com.apple.product-type.application";
		};
/* End PBXNativeTarget section */

/* Begin PBXProject section */
		E38AAFE02E7E7CDD00CC380A /* Project object */ = {
			isa = PBXProject;
			attributes = {
				BuildIndependentTargetsInParallel = 1;
				LastSwiftUpdateCheck = 1610;
				LastUpgradeCheck = 1610;
				TargetAttributes = {
					E38AAFE72E7E7CDD00CC380A = {
						CreatedOnToolsVersion = 16.1;
					};
				};
			};
			buildConfigurationList = E38AAFE32E7E7CDD00CC380A /* Build configuration list for PBXProject "TestApp01" */;
			developmentRegion = en;
			hasScannedForEncodings = 0;
			knownRegions = (
				en,
				Base,
			);
			mainGroup = E38AAFDF2E7E7CDD00CC380A;
			minimizedProjectReferenceProxies = 1;
			preferredProjectObjectVersion = 77;
			productRefGroup = E38AAFE92E7E7CDD00CC380A /* Products */;
			projectDirPath = "";
			projectRoot = "";
			targets = (
				E38AAFE72E7E7CDD00CC380A /* TestApp01 */,
			);
		};
/* End PBXProject section */

/* Begin PBXResourcesBuildPhase section */
		E38AAFE62E7E7CDD00CC380A /* Resources */ = {
			isa = PBXResourcesBuildPhase;
			buildActionMask = 2147483647;
			files = (
				E38AB0072E7E7F9F00CC380A /* Preview Assets.xcassets in Resources */,
				E38AB0082E7E7F9F00CC380A /* Assets.xcassets in Resources */,
				E38AB0132E7E808D00CC380A /* flags.json in Resources */,
			);
			runOnlyForDeploymentPostprocessing = 0;
		};
/* End PBXResourcesBuildPhase section */

/* Begin PBXSourcesBuildPhase section */
		E38AAFE42E7E7CDD00CC380A /* Sources */ = {
			isa = PBXSourcesBuildPhase;
			buildActionMask = 2147483647;
			files = (
				E38AB0092E7E7F9F00CC380A /* ContentView.swift in Sources */,
				E38AB01E2E7E849800CC380A /* TextView.swift in Sources */,
				E38AB0152E7E822600CC380A /* ChallengeQuestion.swift in Sources */,
				E38AB00A2E7E7F9F00CC380A /* FlagsChallengeModel.xcdatamodeld in Sources */,
				E38AB01A2E7E832C00CC380A /* ExtensionManager.swift in Sources */,
				E38AB00B2E7E7F9F00CC380A /* Persistence.swift in Sources */,
				E38AB0172E7E827C00CC380A /* ChallengeViewModel.swift in Sources */,
				E38AB00C2E7E7F9F00CC380A /* TestApp01App.swift in Sources */,
			);
			runOnlyForDeploymentPostprocessing = 0;
		};
/* End PBXSourcesBuildPhase section */

/* Begin XCBuildConfiguration section */
		E38AAFF92E7E7CDE00CC380A /* Debug */ = {
			isa = XCBuildConfiguration;
			buildSettings = {
				ALWAYS_SEARCH_USER_PATHS = NO;
				ASSETCATALOG_COMPILER_GENERATE_SWIFT_ASSET_SYMBOL_EXTENSIONS = YES;
				CLANG_ANALYZER_NONNULL = YES;
				CLANG_ANALYZER_NUMBER_OBJECT_CONVERSION = YES_AGGRESSIVE;
				CLANG_CXX_LANGUAGE_STANDARD = "gnu++20";
				CLANG_ENABLE_MODULES = YES;
				CLANG_ENABLE_OBJC_ARC = YES;
				CLANG_ENABLE_OBJC_WEAK = YES;
				CLANG_WARN_BLOCK_CAPTURE_AUTORELEASING = YES;
				CLANG_WARN_BOOL_CONVERSION = YES;
				CLANG_WARN_COMMA = YES;
				CLANG_WARN_CONSTANT_CONVERSION = YES;
				CLANG_WARN_DEPRECATED_OBJC_IMPLEMENTATIONS = YES;
				CLANG_WARN_DIRECT_OBJC_ISA_USAGE = YES_ERROR;
				CLANG_WARN_DOCUMENTATION_COMMENTS = YES;
				CLANG_WARN_EMPTY_BODY = YES;
				CLANG_WARN_ENUM_CONVERSION = YES;
				CLANG_WARN_INFINITE_RECURSION = YES;
				CLANG_WARN_INT_CONVERSION = YES;
				CLANG_WARN_NON_LITERAL_NULL_CONVERSION = YES;
				CLANG_WARN_OBJC_IMPLICIT_RETAIN_SELF = YES;
				CLANG_WARN_OBJC_LITERAL_CONVERSION = YES;
				CLANG_WARN_OBJC_ROOT_CLASS = YES_ERROR;
				CLANG_WARN_QUOTED_INCLUDE_IN_FRAMEWORK_HEADER = YES;
				CLANG_WARN_RANGE_LOOP_ANALYSIS = YES;
				CLANG_WARN_STRICT_PROTOTYPES = YES;
				CLANG_WARN_SUSPICIOUS_MOVE = YES;
				CLANG_WARN_UNGUARDED_AVAILABILITY = YES_AGGRESSIVE;
				CLANG_WARN_UNREACHABLE_CODE = YES;
				CLANG_WARN__DUPLICATE_METHOD_MATCH = YES;
				COPY_PHASE_STRIP = NO;
				DEBUG_INFORMATION_FORMAT = dwarf;
				ENABLE_STRICT_OBJC_MSGSEND = YES;
				ENABLE_TESTABILITY = YES;
				ENABLE_USER_SCRIPT_SANDBOXING = YES;
				GCC_C_LANGUAGE_STANDARD = gnu17;
				GCC_DYNAMIC_NO_PIC = NO;
				GCC_NO_COMMON_BLOCKS = YES;
				GCC_OPTIMIZATION_LEVEL = 0;
				GCC_PREPROCESSOR_DEFINITIONS = (
					"DEBUG=1",
					"$(inherited)",
				);
				GCC_WARN_64_TO_32_BIT_CONVERSION = YES;
				GCC_WARN_ABOUT_RETURN_TYPE = YES_ERROR;
				GCC_WARN_UNDECLARED_SELECTOR = YES;
				GCC_WARN_UNINITIALIZED_AUTOS = YES_AGGRESSIVE;
				GCC_WARN_UNUSED_FUNCTION = YES;
				GCC_WARN_UNUSED_VARIABLE = YES;
				IPHONEOS_DEPLOYMENT_TARGET = 18.1;
				LOCALIZATION_PREFERS_STRING_CATALOGS = YES;
				MTL_ENABLE_DEBUG_INFO = INCLUDE_SOURCE;
				MTL_FAST_MATH = YES;
				ONLY_ACTIVE_ARCH = YES;
				SDKROOT = iphoneos;
				SWIFT_ACTIVE_COMPILATION_CONDITIONS = "DEBUG $(inherited)";
				SWIFT_OPTIMIZATION_LEVEL = "-Onone";
			};
			name = Debug;
		};
		E38AAFFA2E7E7CDE00CC380A /* Release */ = {
			isa = XCBuildConfiguration;
			buildSettings = {
				ALWAYS_SEARCH_USER_PATHS = NO;
				ASSETCATALOG_COMPILER_GENERATE_SWIFT_ASSET_SYMBOL_EXTENSIONS = YES;
				CLANG_ANALYZER_NONNULL = YES;
				CLANG_ANALYZER_NUMBER_OBJECT_CONVERSION = YES_AGGRESSIVE;
				CLANG_CXX_LANGUAGE_STANDARD = "gnu++20";
				CLANG_ENABLE_MODULES = YES;
				CLANG_ENABLE_OBJC_ARC = YES;
				CLANG_ENABLE_OBJC_WEAK = YES;
				CLANG_WARN_BLOCK_CAPTURE_AUTORELEASING = YES;
				CLANG_WARN_BOOL_CONVERSION = YES;
				CLANG_WARN_COMMA = YES;
				CLANG_WARN_CONSTANT_CONVERSION = YES;
				CLANG_WARN_DEPRECATED_OBJC_IMPLEMENTATIONS = YES;
				CLANG_WARN_DIRECT_OBJC_ISA_USAGE = YES_ERROR;
				CLANG_WARN_DOCUMENTATION_COMMENTS = YES;
				CLANG_WARN_EMPTY_BODY = YES;
				CLANG_WARN_ENUM_CONVERSION = YES;
				CLANG_WARN_INFINITE_RECURSION = YES;
				CLANG_WARN_INT_CONVERSION = YES;
				CLANG_WARN_NON_LITERAL_NULL_CONVERSION = YES;
				CLANG_WARN_OBJC_IMPLICIT_RETAIN_SELF = YES;
				CLANG_WARN_OBJC_LITERAL_CONVERSION = YES;
				CLANG_WARN_OBJC_ROOT_CLASS = YES_ERROR;
				CLANG_WARN_QUOTED_INCLUDE_IN_FRAMEWORK_HEADER = YES;
				CLANG_WARN_RANGE_LOOP_ANALYSIS = YES;
				CLANG_WARN_STRICT_PROTOTYPES = YES;
				CLANG_WARN_SUSPICIOUS_MOVE = YES;
				CLANG_WARN_UNGUARDED_AVAILABILITY = YES_AGGRESSIVE;
				CLANG_WARN_UNREACHABLE_CODE = YES;
				CLANG_WARN__DUPLICATE_METHOD_MATCH = YES;
				COPY_PHASE_STRIP = NO;
				DEBUG_INFORMATION_FORMAT = "dwarf-with-dsym";
				ENABLE_NS_ASSERTIONS = NO;
				ENABLE_STRICT_OBJC_MSGSEND = YES;
				ENABLE_USER_SCRIPT_SANDBOXING = YES;
				GCC_C_LANGUAGE_STANDARD = gnu17;
				GCC_NO_COMMON_BLOCKS = YES;
				GCC_WARN_64_TO_32_BIT_CONVERSION = YES;
				GCC_WARN_ABOUT_RETURN_TYPE = YES_ERROR;
				GCC_WARN_UNDECLARED_SELECTOR = YES;
				GCC_WARN_UNINITIALIZED_AUTOS = YES_AGGRESSIVE;
				GCC_WARN_UNUSED_FUNCTION = YES;
				GCC_WARN_UNUSED_VARIABLE = YES;
				IPHONEOS_DEPLOYMENT_TARGET = 18.1;
				LOCALIZATION_PREFERS_STRING_CATALOGS = YES;
				MTL_ENABLE_DEBUG_INFO = NO;
				MTL_FAST_MATH = YES;
				SDKROOT = iphoneos;
				SWIFT_COMPILATION_MODE = wholemodule;
				VALIDATE_PRODUCT = YES;
			};
			name = Release;
		};
		E38AAFFC2E7E7CDE00CC380A /* Debug */ = {
			isa = XCBuildConfiguration;
			buildSettings = {
				ASSETCATALOG_COMPILER_APPICON_NAME = AppIcon;
				ASSETCATALOG_COMPILER_GLOBAL_ACCENT_COLOR_NAME = AccentColor;
				CODE_SIGN_STYLE = Automatic;
				CURRENT_PROJECT_VERSION = 1;
				DEVELOPMENT_ASSET_PATHS = "\"TestApp01/Preview Content\"";
				ENABLE_PREVIEWS = YES;
				GENERATE_INFOPLIST_FILE = YES;
				INFOPLIST_FILE = TestApp01/Info.plist;
				INFOPLIST_KEY_UIApplicationSceneManifest_Generation = YES;
				INFOPLIST_KEY_UIApplicationSupportsIndirectInputEvents = YES;
				INFOPLIST_KEY_UILaunchScreen_Generation = YES;
				INFOPLIST_KEY_UISupportedInterfaceOrientations_iPad = "UIInterfaceOrientationPortrait UIInterfaceOrientationPortraitUpsideDown UIInterfaceOrientationLandscapeLeft UIInterfaceOrientationLandscapeRight";
				INFOPLIST_KEY_UISupportedInterfaceOrientations_iPhone = "UIInterfaceOrientationPortrait UIInterfaceOrientationLandscapeLeft UIInterfaceOrientationLandscapeRight";
				IPHONEOS_DEPLOYMENT_TARGET = 18.0;
				LD_RUNPATH_SEARCH_PATHS = (
					"$(inherited)",
					"@executable_path/Frameworks",
				);
				MARKETING_VERSION = 1.0;
				PRODUCT_BUNDLE_IDENTIFIER = appstation.TestApp01;
				PRODUCT_NAME = "$(TARGET_NAME)";
				SWIFT_EMIT_LOC_STRINGS = YES;
				SWIFT_VERSION = 5.0;
				TARGETED_DEVICE_FAMILY = "1,2";
			};
			name = Debug;
		};
		E38AAFFD2E7E7CDE00CC380A /* Release */ = {
			isa = XCBuildConfiguration;
			buildSettings = {
				ASSETCATALOG_COMPILER_APPICON_NAME = AppIcon;
				ASSETCATALOG_COMPILER_GLOBAL_ACCENT_COLOR_NAME = AccentColor;
				CODE_SIGN_STYLE = Automatic;
				CURRENT_PROJECT_VERSION = 1;
				DEVELOPMENT_ASSET_PATHS = "\"TestApp01/Preview Content\"";
				ENABLE_PREVIEWS = YES;
				GENERATE_INFOPLIST_FILE = YES;
				INFOPLIST_FILE = TestApp01/Info.plist;
				INFOPLIST_KEY_UIApplicationSceneManifest_Generation = YES;
				INFOPLIST_KEY_UIApplicationSupportsIndirectInputEvents = YES;
				INFOPLIST_KEY_UILaunchScreen_Generation = YES;
				INFOPLIST_KEY_UISupportedInterfaceOrientations_iPad = "UIInterfaceOrientationPortrait UIInterfaceOrientationPortraitUpsideDown UIInterfaceOrientationLandscapeLeft UIInterfaceOrientationLandscapeRight";
				INFOPLIST_KEY_UISupportedInterfaceOrientations_iPhone = "UIInterfaceOrientationPortrait UIInterfaceOrientationLandscapeLeft UIInterfaceOrientationLandscapeRight";
				IPHONEOS_DEPLOYMENT_TARGET = 18.0;
				LD_RUNPATH_SEARCH_PATHS = (
					"$(inherited)",
					"@executable_path/Frameworks",
				);
				MARKETING_VERSION = 1.0;
				PRODUCT_BUNDLE_IDENTIFIER = appstation.TestApp01;
				PRODUCT_NAME = "$(TARGET_NAME)";
				SWIFT_EMIT_LOC_STRINGS = YES;
				SWIFT_VERSION = 5.0;
				TARGETED_DEVICE_FAMILY = "1,2";
			};
			name = Release;
		};
/* End XCBuildConfiguration section */

/* Begin XCConfigurationList section */
		E38AAFE32E7E7CDD00CC380A /* Build configuration list for PBXProject "TestApp01" */ = {
			isa = XCConfigurationList;
			buildConfigurations = (
				E38AAFF92E7E7CDE00CC380A /* Debug */,
				E38AAFFA2E7E7CDE00CC380A /* Release */,
			);
			defaultConfigurationIsVisible = 0;
			defaultConfigurationName = Release;
		};
		E38AAFFB2E7E7CDE00CC380A /* Build configuration list for PBXNativeTarget "TestApp01" */ = {
			isa = XCConfigurationList;
			buildConfigurations = (
				E38AAFFC2E7E7CDE00CC380A /* Debug */,
				E38AAFFD2E7E7CDE00CC380A /* Release */,
			);
			defaultConfigurationIsVisible = 0;
			defaultConfigurationName = Release;
		};
/* End XCConfigurationList section */

/* Begin XCVersionGroup section */
		E38AB0022E7E7F9F00CC380A /* FlagsChallengeModel.xcdatamodeld */ = {
			isa = XCVersionGroup;
			children = (
				E38AB0062E7E7F9F00CC380A /* FlagsChallengeModel.xcdatamodel */,
			);
			currentVersion = E38AB0062E7E7F9F00CC380A /* FlagsChallengeModel.xcdatamodel */;
			path = FlagsChallengeModel.xcdatamodeld;
			sourceTree = "<group>";
			versionGroupType = wrapper.xcdatamodel;
		};
/* End XCVersionGroup section */
	};
	rootObject = E38AAFE02E7E7CDD00CC380A /* Project object */;
}
